
Microsoft Visual Studio Solution File, Format Version 12.00
# Visual Studio Version 17
VisualStudioVersion = 17.11.35219.272
MinimumVisualStudioVersion = 10.0.40219.1
Project("{9A19103F-16F7-4668-BE54-9A1E7A4F7556}") = "Delivery&FleetManagementSystem", "Delivery&FleetManagementSystem\Delivery&FleetManagementSystem.csproj", "{762F9F66-EB3B-48A4-B948-500DF75292C9}"
EndProject
Project("{9A19103F-16F7-4668-BE54-9A1E7A4F7556}") = "SystemModel", "SystemModel\SystemModel.csproj", "{1FF944C1-2E51-40EB-908B-6B81E6D67206}"
EndProject
Project("{9A19103F-16F7-4668-BE54-9A1E7A4F7556}") = "SystemContext", "SystemContext\SystemContext.csproj", "{E308C4BC-3824-4903-9916-FCE4B3C45C98}"
EndProject
Project("{9A19103F-16F7-4668-BE54-9A1E7A4F7556}") = "SystemDTOS", "SystemDTOS\SystemDTOS.csproj", "{42CB32F1-F58B-4CC4-AEF6-EC65E8CB11FE}"
EndProject
Project("{FAE04EC0-301F-11D3-BF4B-00C04F79EFBC}") = "ServiceLayer", "ServiceLayer\ServiceLayer.csproj", "{A9858A4A-46BC-48CE-AB16-4B85A680E74C}"
EndProject
Global
	GlobalSection(SolutionConfigurationPlatforms) = preSolution
		Debug|Any CPU = Debug|Any CPU
		Release|Any CPU = Release|Any CPU
	EndGlobalSection
	GlobalSection(ProjectConfigurationPlatforms) = postSolution
		{762F9F66-EB3B-48A4-B948-500DF75292C9}.Debug|Any CPU.ActiveCfg = Debug|Any CPU
		{762F9F66-EB3B-48A4-B948-500DF75292C9}.Debug|Any CPU.Build.0 = Debug|Any CPU
		{762F9F66-EB3B-48A4-B948-500DF75292C9}.Release|Any CPU.ActiveCfg = Release|Any CPU
		{762F9F66-EB3B-48A4-B948-500DF75292C9}.Release|Any CPU.Build.0 = Release|Any CPU
		{1FF944C1-2E51-40EB-908B-6B81E6D67206}.Debug|Any CPU.ActiveCfg = Debug|Any CPU
		{1FF944C1-2E51-40EB-908B-6B81E6D67206}.Debug|Any CPU.Build.0 = Debug|Any CPU
		{1FF944C1-2E51-40EB-908B-6B81E6D67206}.Release|Any CPU.ActiveCfg = Release|Any CPU
		{1FF944C1-2E51-40EB-908B-6B81E6D67206}.Release|Any CPU.Build.0 = Release|Any CPU
		{E308C4BC-3824-4903-9916-FCE4B3C45C98}.Debug|Any CPU.ActiveCfg = Debug|Any CPU
		{E308C4BC-3824-4903-9916-FCE4B3C45C98}.Debug|Any CPU.Build.0 = Debug|Any CPU
		{E308C4BC-3824-4903-9916-FCE4B3C45C98}.Release|Any CPU.ActiveCfg = Release|Any CPU
		{E308C4BC-3824-4903-9916-FCE4B3C45C98}.Release|Any CPU.Build.0 = Release|Any CPU
		{42CB32F1-F58B-4CC4-AEF6-EC65E8CB11FE}.Debug|Any CPU.ActiveCfg = Debug|Any CPU
		{42CB32F1-F58B-4CC4-AEF6-EC65E8CB11FE}.Debug|Any CPU.Build.0 = Debug|Any CPU
		{42CB32F1-F58B-4CC4-AEF6-EC65E8CB11FE}.Release|Any CPU.ActiveCfg = Release|Any CPU
		{42CB32F1-F58B-4CC4-AEF6-EC65E8CB11FE}.Release|Any CPU.Build.0 = Release|Any CPU
		{A9858A4A-46BC-48CE-AB16-4B85A680E74C}.Debug|Any CPU.ActiveCfg = Debug|Any CPU
		{A9858A4A-46BC-48CE-AB16-4B85A680E74C}.Debug|Any CPU.Build.0 = Debug|Any CPU
		{A9858A4A-46BC-48CE-AB16-4B85A680E74C}.Release|Any CPU.ActiveCfg = Release|Any CPU
		{A9858A4A-46BC-48CE-AB16-4B85A680E74C}.Release|Any CPU.Build.0 = Release|Any CPU
	EndGlobalSection
	GlobalSection(SolutionProperties) = preSolution
		HideSolutionNode = FALSE
	EndGlobalSection
	GlobalSection(ExtensibilityGlobals) = postSolution
		SolutionGuid = {9D348070-54E1-47A8-9BAD-962AFCD07CBD}
	EndGlobalSection
EndGlobal
